// !$*UTF8*$!
{
	archiveVersion = 1;
	classes = {
	};
	objectVersion = 48;
	objects = {

/* Begin PBXBuildFile section */
		1E6A3E9A205AA52F00B1D98B /* TempLandingPage.storyboard in Resources */ = {isa = PBXBuildFile; fileRef = 1E6A3E99205AA52F00B1D98B /* TempLandingPage.storyboard */; };
		1E987905203CAA7400947638 /* MovieController.swift in Sources */ = {isa = PBXBuildFile; fileRef = 1E987904203CAA7400947638 /* MovieController.swift */; };
		1E98790A203CAF1400947638 /* LandingScreenController.swift in Sources */ = {isa = PBXBuildFile; fileRef = 1E987909203CAF1400947638 /* LandingScreenController.swift */; };
		1E98790C203CAF4000947638 /* MoviePage.storyboard in Resources */ = {isa = PBXBuildFile; fileRef = 1E98790B203CAF4000947638 /* MoviePage.storyboard */; };
		1E98790E203CB01400947638 /* Search.storyboard in Resources */ = {isa = PBXBuildFile; fileRef = 1E98790D203CB01400947638 /* Search.storyboard */; };
		1E987910203CB04700947638 /* SearchController.swift in Sources */ = {isa = PBXBuildFile; fileRef = 1E98790F203CB04700947638 /* SearchController.swift */; };
		1E987912203F10DF00947638 /* Movie.swift in Sources */ = {isa = PBXBuildFile; fileRef = 1E987911203F10DF00947638 /* Movie.swift */; };
		1E9F845D203F3629007CF0DD /* MovieDataSource.swift in Sources */ = {isa = PBXBuildFile; fileRef = 1E9F845C203F3629007CF0DD /* MovieDataSource.swift */; };
		1EA31EAC2034A5CD0092E4B8 /* AppDelegate.swift in Sources */ = {isa = PBXBuildFile; fileRef = 1EA31EAB2034A5CD0092E4B8 /* AppDelegate.swift */; };
		1EA31EAE2034A5CD0092E4B8 /* LoadScreenController.swift in Sources */ = {isa = PBXBuildFile; fileRef = 1EA31EAD2034A5CD0092E4B8 /* LoadScreenController.swift */; };
		1EA31EB12034A5CD0092E4B8 /* Main.storyboard in Resources */ = {isa = PBXBuildFile; fileRef = 1EA31EAF2034A5CD0092E4B8 /* Main.storyboard */; };
		1EA31EB32034A5CD0092E4B8 /* Assets.xcassets in Resources */ = {isa = PBXBuildFile; fileRef = 1EA31EB22034A5CD0092E4B8 /* Assets.xcassets */; };
		1EA31EB62034A5CD0092E4B8 /* LaunchScreen.storyboard in Resources */ = {isa = PBXBuildFile; fileRef = 1EA31EB42034A5CD0092E4B8 /* LaunchScreen.storyboard */; };
		1EA31EC12034A5CE0092E4B8 /* MovieheadsTests.swift in Sources */ = {isa = PBXBuildFile; fileRef = 1EA31EC02034A5CE0092E4B8 /* MovieheadsTests.swift */; };
		1EA31ECC2034A5CE0092E4B8 /* MovieheadsUITests.swift in Sources */ = {isa = PBXBuildFile; fileRef = 1EA31ECB2034A5CE0092E4B8 /* MovieheadsUITests.swift */; };
		1EBBA9F0204980EF0014AFAA /* APIKeys.swift in Sources */ = {isa = PBXBuildFile; fileRef = 1EBBA9EF204980EF0014AFAA /* APIKeys.swift */; };
		66EDBCD287BA3E3597EE08DF /* Pods_MovieheadsTests.framework in Frameworks */ = {isa = PBXBuildFile; fileRef = 3D4AA6D90B4FECDB905F6356 /* Pods_MovieheadsTests.framework */; };
		8E230CBC83338384F30D6739 /* Pods_MovieheadsUITests.framework in Frameworks */ = {isa = PBXBuildFile; fileRef = 91B4B48A79F4B1FF8FE16D78 /* Pods_MovieheadsUITests.framework */; };
		D0936F7F204717DE00813A20 /* SearchDataSource.swift in Sources */ = {isa = PBXBuildFile; fileRef = D0936F7E204717DE00813A20 /* SearchDataSource.swift */; };
		FD57D3BC14C3CDED62C97758 /* Pods_Movieheads.framework in Frameworks */ = {isa = PBXBuildFile; fileRef = 346522F1C998FCF452ED3CFE /* Pods_Movieheads.framework */; };
/* End PBXBuildFile section */

/* Begin PBXContainerItemProxy section */
		1EA31EBD2034A5CE0092E4B8 /* PBXContainerItemProxy */ = {
			isa = PBXContainerItemProxy;
			containerPortal = 1EA31EA02034A5CD0092E4B8 /* Project object */;
			proxyType = 1;
			remoteGlobalIDString = 1EA31EA72034A5CD0092E4B8;
			remoteInfo = Movieheads;
		};
		1EA31EC82034A5CE0092E4B8 /* PBXContainerItemProxy */ = {
			isa = PBXContainerItemProxy;
			containerPortal = 1EA31EA02034A5CD0092E4B8 /* Project object */;
			proxyType = 1;
			remoteGlobalIDString = 1EA31EA72034A5CD0092E4B8;
			remoteInfo = Movieheads;
		};
/* End PBXContainerItemProxy section */

/* Begin PBXFileReference section */
		13781FB0B5CB005210DD6031 /* Pods-Movieheads.release.xcconfig */ = {isa = PBXFileReference; includeInIndex = 1; lastKnownFileType = text.xcconfig; name = "Pods-Movieheads.release.xcconfig"; path = "Pods/Target Support Files/Pods-Movieheads/Pods-Movieheads.release.xcconfig"; sourceTree = "<group>"; };
		1E6A3E99205AA52F00B1D98B /* TempLandingPage.storyboard */ = {isa = PBXFileReference; fileEncoding = 4; lastKnownFileType = file.storyboard; path = TempLandingPage.storyboard; sourceTree = "<group>"; };
		1E987904203CAA7400947638 /* MovieController.swift */ = {isa = PBXFileReference; lastKnownFileType = sourcecode.swift; path = MovieController.swift; sourceTree = "<group>"; };
		1E987909203CAF1400947638 /* LandingScreenController.swift */ = {isa = PBXFileReference; lastKnownFileType = sourcecode.swift; path = LandingScreenController.swift; sourceTree = "<group>"; };
		1E98790B203CAF4000947638 /* MoviePage.storyboard */ = {isa = PBXFileReference; lastKnownFileType = file.storyboard; path = MoviePage.storyboard; sourceTree = "<group>"; };
		1E98790D203CB01400947638 /* Search.storyboard */ = {isa = PBXFileReference; lastKnownFileType = file.storyboard; path = Search.storyboard; sourceTree = "<group>"; };
		1E98790F203CB04700947638 /* SearchController.swift */ = {isa = PBXFileReference; lastKnownFileType = sourcecode.swift; path = SearchController.swift; sourceTree = "<group>"; };
		1E987911203F10DF00947638 /* Movie.swift */ = {isa = PBXFileReference; lastKnownFileType = sourcecode.swift; path = Movie.swift; sourceTree = "<group>"; };
		1E9F845C203F3629007CF0DD /* MovieDataSource.swift */ = {isa = PBXFileReference; lastKnownFileType = sourcecode.swift; path = MovieDataSource.swift; sourceTree = "<group>"; };
		1EA31EA82034A5CD0092E4B8 /* Movieheads.app */ = {isa = PBXFileReference; explicitFileType = wrapper.application; includeInIndex = 0; path = Movieheads.app; sourceTree = BUILT_PRODUCTS_DIR; };
		1EA31EAB2034A5CD0092E4B8 /* AppDelegate.swift */ = {isa = PBXFileReference; lastKnownFileType = sourcecode.swift; path = AppDelegate.swift; sourceTree = "<group>"; };
		1EA31EAD2034A5CD0092E4B8 /* LoadScreenController.swift */ = {isa = PBXFileReference; lastKnownFileType = sourcecode.swift; path = LoadScreenController.swift; sourceTree = "<group>"; };
		1EA31EB02034A5CD0092E4B8 /* Base */ = {isa = PBXFileReference; lastKnownFileType = file.storyboard; name = Base; path = Base.lproj/Main.storyboard; sourceTree = "<group>"; };
		1EA31EB22034A5CD0092E4B8 /* Assets.xcassets */ = {isa = PBXFileReference; lastKnownFileType = folder.assetcatalog; path = Assets.xcassets; sourceTree = "<group>"; };
		1EA31EB52034A5CD0092E4B8 /* Base */ = {isa = PBXFileReference; lastKnownFileType = file.storyboard; name = Base; path = Base.lproj/LaunchScreen.storyboard; sourceTree = "<group>"; };
		1EA31EB72034A5CD0092E4B8 /* Info.plist */ = {isa = PBXFileReference; lastKnownFileType = text.plist.xml; path = Info.plist; sourceTree = "<group>"; };
		1EA31EBC2034A5CE0092E4B8 /* MovieheadsTests.xctest */ = {isa = PBXFileReference; explicitFileType = wrapper.cfbundle; includeInIndex = 0; path = MovieheadsTests.xctest; sourceTree = BUILT_PRODUCTS_DIR; };
		1EA31EC02034A5CE0092E4B8 /* MovieheadsTests.swift */ = {isa = PBXFileReference; lastKnownFileType = sourcecode.swift; path = MovieheadsTests.swift; sourceTree = "<group>"; };
		1EA31EC22034A5CE0092E4B8 /* Info.plist */ = {isa = PBXFileReference; lastKnownFileType = text.plist.xml; path = Info.plist; sourceTree = "<group>"; };
		1EA31EC72034A5CE0092E4B8 /* MovieheadsUITests.xctest */ = {isa = PBXFileReference; explicitFileType = wrapper.cfbundle; includeInIndex = 0; path = MovieheadsUITests.xctest; sourceTree = BUILT_PRODUCTS_DIR; };
		1EA31ECB2034A5CE0092E4B8 /* MovieheadsUITests.swift */ = {isa = PBXFileReference; lastKnownFileType = sourcecode.swift; path = MovieheadsUITests.swift; sourceTree = "<group>"; };
		1EA31ECD2034A5CE0092E4B8 /* Info.plist */ = {isa = PBXFileReference; lastKnownFileType = text.plist.xml; path = Info.plist; sourceTree = "<group>"; };
		1EBBA9EF204980EF0014AFAA /* APIKeys.swift */ = {isa = PBXFileReference; fileEncoding = 4; lastKnownFileType = sourcecode.swift; path = APIKeys.swift; sourceTree = "<group>"; };
		346522F1C998FCF452ED3CFE /* Pods_Movieheads.framework */ = {isa = PBXFileReference; explicitFileType = wrapper.framework; includeInIndex = 0; path = Pods_Movieheads.framework; sourceTree = BUILT_PRODUCTS_DIR; };
		3D4AA6D90B4FECDB905F6356 /* Pods_MovieheadsTests.framework */ = {isa = PBXFileReference; explicitFileType = wrapper.framework; includeInIndex = 0; path = Pods_MovieheadsTests.framework; sourceTree = BUILT_PRODUCTS_DIR; };
		559CE04BF3508D5125D82D9A /* Pods-MovieheadsTests.debug.xcconfig */ = {isa = PBXFileReference; includeInIndex = 1; lastKnownFileType = text.xcconfig; name = "Pods-MovieheadsTests.debug.xcconfig"; path = "Pods/Target Support Files/Pods-MovieheadsTests/Pods-MovieheadsTests.debug.xcconfig"; sourceTree = "<group>"; };
		6A9CDA20CAD4D6BF435118AB /* Pods-MovieheadsUITests.release.xcconfig */ = {isa = PBXFileReference; includeInIndex = 1; lastKnownFileType = text.xcconfig; name = "Pods-MovieheadsUITests.release.xcconfig"; path = "Pods/Target Support Files/Pods-MovieheadsUITests/Pods-MovieheadsUITests.release.xcconfig"; sourceTree = "<group>"; };
		6AACBFA2C3E71546F78E21B6 /* Pods-MovieheadsTests.release.xcconfig */ = {isa = PBXFileReference; includeInIndex = 1; lastKnownFileType = text.xcconfig; name = "Pods-MovieheadsTests.release.xcconfig"; path = "Pods/Target Support Files/Pods-MovieheadsTests/Pods-MovieheadsTests.release.xcconfig"; sourceTree = "<group>"; };
		8BA54F98D12FB873B98954DA /* Pods-MovieheadsUITests.debug.xcconfig */ = {isa = PBXFileReference; includeInIndex = 1; lastKnownFileType = text.xcconfig; name = "Pods-MovieheadsUITests.debug.xcconfig"; path = "Pods/Target Support Files/Pods-MovieheadsUITests/Pods-MovieheadsUITests.debug.xcconfig"; sourceTree = "<group>"; };
		91B4B48A79F4B1FF8FE16D78 /* Pods_MovieheadsUITests.framework */ = {isa = PBXFileReference; explicitFileType = wrapper.framework; includeInIndex = 0; path = Pods_MovieheadsUITests.framework; sourceTree = BUILT_PRODUCTS_DIR; };
		9FA6879C3AC01D63EC5C32D9 /* Pods-Movieheads.debug.xcconfig */ = {isa = PBXFileReference; includeInIndex = 1; lastKnownFileType = text.xcconfig; name = "Pods-Movieheads.debug.xcconfig"; path = "Pods/Target Support Files/Pods-Movieheads/Pods-Movieheads.debug.xcconfig"; sourceTree = "<group>"; };
		D0936F7E204717DE00813A20 /* SearchDataSource.swift */ = {isa = PBXFileReference; lastKnownFileType = sourcecode.swift; path = SearchDataSource.swift; sourceTree = "<group>"; };
/* End PBXFileReference section */

/* Begin PBXFrameworksBuildPhase section */
		1EA31EA52034A5CD0092E4B8 /* Frameworks */ = {
			isa = PBXFrameworksBuildPhase;
			buildActionMask = 2147483647;
			files = (
				FD57D3BC14C3CDED62C97758 /* Pods_Movieheads.framework in Frameworks */,
			);
			runOnlyForDeploymentPostprocessing = 0;
		};
		1EA31EB92034A5CE0092E4B8 /* Frameworks */ = {
			isa = PBXFrameworksBuildPhase;
			buildActionMask = 2147483647;
			files = (
				66EDBCD287BA3E3597EE08DF /* Pods_MovieheadsTests.framework in Frameworks */,
			);
			runOnlyForDeploymentPostprocessing = 0;
		};
		1EA31EC42034A5CE0092E4B8 /* Frameworks */ = {
			isa = PBXFrameworksBuildPhase;
			buildActionMask = 2147483647;
			files = (
				8E230CBC83338384F30D6739 /* Pods_MovieheadsUITests.framework in Frameworks */,
			);
			runOnlyForDeploymentPostprocessing = 0;
		};
/* End PBXFrameworksBuildPhase section */

/* Begin PBXGroup section */
		1E987906203CAE6C00947638 /* Movie Page */ = {
			isa = PBXGroup;
			children = (
				1E987904203CAA7400947638 /* MovieController.swift */,
				1E9F845C203F3629007CF0DD /* MovieDataSource.swift */,
				1E987911203F10DF00947638 /* Movie.swift */,
				1E98790B203CAF4000947638 /* MoviePage.storyboard */,
			);
			path = "Movie Page";
			sourceTree = "<group>";
		};
		1E987907203CAE7A00947638 /* Search Page */ = {
			isa = PBXGroup;
			children = (
				1E98790F203CB04700947638 /* SearchController.swift */,
				D0936F7E204717DE00813A20 /* SearchDataSource.swift */,
				1E98790D203CB01400947638 /* Search.storyboard */,
			);
			path = "Search Page";
			sourceTree = "<group>";
		};
		1E987908203CAE8300947638 /* Load & Landing Screens */ = {
			isa = PBXGroup;
			children = (
				1E6A3E99205AA52F00B1D98B /* TempLandingPage.storyboard */,
				1EA31EB42034A5CD0092E4B8 /* LaunchScreen.storyboard */,
				1EA31EAD2034A5CD0092E4B8 /* LoadScreenController.swift */,
				1E987909203CAF1400947638 /* LandingScreenController.swift */,
				1EA31EAF2034A5CD0092E4B8 /* Main.storyboard */,
			);
			path = "Load & Landing Screens";
			sourceTree = "<group>";
		};
		1EA31E9F2034A5CD0092E4B8 = {
			isa = PBXGroup;
			children = (
				1EA31EAA2034A5CD0092E4B8 /* Movieheads */,
				1EA31EBF2034A5CE0092E4B8 /* MovieheadsTests */,
				1EA31ECA2034A5CE0092E4B8 /* MovieheadsUITests */,
				1EA31EA92034A5CD0092E4B8 /* Products */,
				B79B21479A1FA8259CC540AB /* Pods */,
				D5A4B7F7371DA0672B5B4E63 /* Frameworks */,
			);
			sourceTree = "<group>";
		};
		1EA31EA92034A5CD0092E4B8 /* Products */ = {
			isa = PBXGroup;
			children = (
				1EA31EA82034A5CD0092E4B8 /* Movieheads.app */,
				1EA31EBC2034A5CE0092E4B8 /* MovieheadsTests.xctest */,
				1EA31EC72034A5CE0092E4B8 /* MovieheadsUITests.xctest */,
			);
			name = Products;
			sourceTree = "<group>";
		};
		1EA31EAA2034A5CD0092E4B8 /* Movieheads */ = {
			isa = PBXGroup;
			children = (
				1E987908203CAE8300947638 /* Load & Landing Screens */,
				1E987907203CAE7A00947638 /* Search Page */,
				1E987906203CAE6C00947638 /* Movie Page */,
				1EA31EAB2034A5CD0092E4B8 /* AppDelegate.swift */,
				1EA31EB22034A5CD0092E4B8 /* Assets.xcassets */,
				1EA31EB72034A5CD0092E4B8 /* Info.plist */,
				1EBBA9EF204980EF0014AFAA /* APIKeys.swift */,
			);
			path = Movieheads;
			sourceTree = "<group>";
		};
		1EA31EBF2034A5CE0092E4B8 /* MovieheadsTests */ = {
			isa = PBXGroup;
			children = (
				1EA31EC02034A5CE0092E4B8 /* MovieheadsTests.swift */,
				1EA31EC22034A5CE0092E4B8 /* Info.plist */,
			);
			path = MovieheadsTests;
			sourceTree = "<group>";
		};
		1EA31ECA2034A5CE0092E4B8 /* MovieheadsUITests */ = {
			isa = PBXGroup;
			children = (
				1EA31ECB2034A5CE0092E4B8 /* MovieheadsUITests.swift */,
				1EA31ECD2034A5CE0092E4B8 /* Info.plist */,
			);
			path = MovieheadsUITests;
			sourceTree = "<group>";
		};
		B79B21479A1FA8259CC540AB /* Pods */ = {
			isa = PBXGroup;
			children = (
				9FA6879C3AC01D63EC5C32D9 /* Pods-Movieheads.debug.xcconfig */,
				13781FB0B5CB005210DD6031 /* Pods-Movieheads.release.xcconfig */,
				559CE04BF3508D5125D82D9A /* Pods-MovieheadsTests.debug.xcconfig */,
				6AACBFA2C3E71546F78E21B6 /* Pods-MovieheadsTests.release.xcconfig */,
				8BA54F98D12FB873B98954DA /* Pods-MovieheadsUITests.debug.xcconfig */,
				6A9CDA20CAD4D6BF435118AB /* Pods-MovieheadsUITests.release.xcconfig */,
			);
			name = Pods;
			sourceTree = "<group>";
		};
		D5A4B7F7371DA0672B5B4E63 /* Frameworks */ = {
			isa = PBXGroup;
			children = (
				346522F1C998FCF452ED3CFE /* Pods_Movieheads.framework */,
				3D4AA6D90B4FECDB905F6356 /* Pods_MovieheadsTests.framework */,
				91B4B48A79F4B1FF8FE16D78 /* Pods_MovieheadsUITests.framework */,
			);
			name = Frameworks;
			sourceTree = "<group>";
		};
/* End PBXGroup section */

/* Begin PBXNativeTarget section */
		1EA31EA72034A5CD0092E4B8 /* Movieheads */ = {
			isa = PBXNativeTarget;
			buildConfigurationList = 1EA31ED02034A5CE0092E4B8 /* Build configuration list for PBXNativeTarget "Movieheads" */;
			buildPhases = (
				62C0CAB6C0C31AF4E0429347 /* [CP] Check Pods Manifest.lock */,
				1EA31EA42034A5CD0092E4B8 /* Sources */,
				1EA31EA52034A5CD0092E4B8 /* Frameworks */,
				1EA31EA62034A5CD0092E4B8 /* Resources */,
				5710023583E5E521ABCA7A20 /* [CP] Embed Pods Frameworks */,
				8E6126AB1D1B72F60AFF9342 /* [CP] Copy Pods Resources */,
			);
			buildRules = (
			);
			dependencies = (
			);
			name = Movieheads;
			productName = Movieheads;
			productReference = 1EA31EA82034A5CD0092E4B8 /* Movieheads.app */;
			productType = "com.apple.product-type.application";
		};
		1EA31EBB2034A5CE0092E4B8 /* MovieheadsTests */ = {
			isa = PBXNativeTarget;
			buildConfigurationList = 1EA31ED32034A5CE0092E4B8 /* Build configuration list for PBXNativeTarget "MovieheadsTests" */;
			buildPhases = (
				B47C6147F8AF3F70A2120946 /* [CP] Check Pods Manifest.lock */,
				1EA31EB82034A5CE0092E4B8 /* Sources */,
				1EA31EB92034A5CE0092E4B8 /* Frameworks */,
				1EA31EBA2034A5CE0092E4B8 /* Resources */,
				F0C712589EF57B665B2C489D /* [CP] Embed Pods Frameworks */,
				469BF4DA22661CDCCB740CF9 /* [CP] Copy Pods Resources */,
			);
			buildRules = (
			);
			dependencies = (
				1EA31EBE2034A5CE0092E4B8 /* PBXTargetDependency */,
			);
			name = MovieheadsTests;
			productName = MovieheadsTests;
			productReference = 1EA31EBC2034A5CE0092E4B8 /* MovieheadsTests.xctest */;
			productType = "com.apple.product-type.bundle.unit-test";
		};
		1EA31EC62034A5CE0092E4B8 /* MovieheadsUITests */ = {
			isa = PBXNativeTarget;
			buildConfigurationList = 1EA31ED62034A5CE0092E4B8 /* Build configuration list for PBXNativeTarget "MovieheadsUITests" */;
			buildPhases = (
				BBFB4B0190FA62DA6C11F506 /* [CP] Check Pods Manifest.lock */,
				1EA31EC32034A5CE0092E4B8 /* Sources */,
				1EA31EC42034A5CE0092E4B8 /* Frameworks */,
				1EA31EC52034A5CE0092E4B8 /* Resources */,
				BDEE7DFE1552DA037DE01B18 /* [CP] Embed Pods Frameworks */,
				C703129BCE146C6D40C4B29A /* [CP] Copy Pods Resources */,
			);
			buildRules = (
			);
			dependencies = (
				1EA31EC92034A5CE0092E4B8 /* PBXTargetDependency */,
			);
			name = MovieheadsUITests;
			productName = MovieheadsUITests;
			productReference = 1EA31EC72034A5CE0092E4B8 /* MovieheadsUITests.xctest */;
			productType = "com.apple.product-type.bundle.ui-testing";
		};
/* End PBXNativeTarget section */

/* Begin PBXProject section */
		1EA31EA02034A5CD0092E4B8 /* Project object */ = {
			isa = PBXProject;
			attributes = {
				LastSwiftUpdateCheck = 0920;
				LastUpgradeCheck = 0920;
				ORGANIZATIONNAME = "Joseph Cengel (student LM)";
				TargetAttributes = {
					1EA31EA72034A5CD0092E4B8 = {
						CreatedOnToolsVersion = 9.2;
						ProvisioningStyle = Automatic;
					};
					1EA31EBB2034A5CE0092E4B8 = {
						CreatedOnToolsVersion = 9.2;
						ProvisioningStyle = Automatic;
						TestTargetID = 1EA31EA72034A5CD0092E4B8;
					};
					1EA31EC62034A5CE0092E4B8 = {
						CreatedOnToolsVersion = 9.2;
						ProvisioningStyle = Automatic;
						TestTargetID = 1EA31EA72034A5CD0092E4B8;
					};
				};
			};
			buildConfigurationList = 1EA31EA32034A5CD0092E4B8 /* Build configuration list for PBXProject "Movieheads" */;
			compatibilityVersion = "Xcode 8.0";
			developmentRegion = en;
			hasScannedForEncodings = 0;
			knownRegions = (
				en,
				Base,
			);
			mainGroup = 1EA31E9F2034A5CD0092E4B8;
			productRefGroup = 1EA31EA92034A5CD0092E4B8 /* Products */;
			projectDirPath = "";
			projectRoot = "";
			targets = (
				1EA31EA72034A5CD0092E4B8 /* Movieheads */,
				1EA31EBB2034A5CE0092E4B8 /* MovieheadsTests */,
				1EA31EC62034A5CE0092E4B8 /* MovieheadsUITests */,
			);
		};
/* End PBXProject section */

/* Begin PBXResourcesBuildPhase section */
		1EA31EA62034A5CD0092E4B8 /* Resources */ = {
			isa = PBXResourcesBuildPhase;
			buildActionMask = 2147483647;
			files = (
				1E98790C203CAF4000947638 /* MoviePage.storyboard in Resources */,
				1EA31EB62034A5CD0092E4B8 /* LaunchScreen.storyboard in Resources */,
				1EA31EB32034A5CD0092E4B8 /* Assets.xcassets in Resources */,
				1EA31EB12034A5CD0092E4B8 /* Main.storyboard in Resources */,
				1E98790E203CB01400947638 /* Search.storyboard in Resources */,
				1E6A3E9A205AA52F00B1D98B /* TempLandingPage.storyboard in Resources */,
			);
			runOnlyForDeploymentPostprocessing = 0;
		};
		1EA31EBA2034A5CE0092E4B8 /* Resources */ = {
			isa = PBXResourcesBuildPhase;
			buildActionMask = 2147483647;
			files = (
			);
			runOnlyForDeploymentPostprocessing = 0;
		};
		1EA31EC52034A5CE0092E4B8 /* Resources */ = {
			isa = PBXResourcesBuildPhase;
			buildActionMask = 2147483647;
			files = (
			);
			runOnlyForDeploymentPostprocessing = 0;
		};
/* End PBXResourcesBuildPhase section */

/* Begin PBXShellScriptBuildPhase section */
		469BF4DA22661CDCCB740CF9 /* [CP] Copy Pods Resources */ = {
			isa = PBXShellScriptBuildPhase;
			buildActionMask = 2147483647;
			files = (
			);
			inputPaths = (
			);
			name = "[CP] Copy Pods Resources";
			outputPaths = (
			);
			runOnlyForDeploymentPostprocessing = 0;
			shellPath = /bin/sh;
			shellScript = "\"${SRCROOT}/Pods/Target Support Files/Pods-MovieheadsTests/Pods-MovieheadsTests-resources.sh\"\n";
			showEnvVarsInLog = 0;
		};
		5710023583E5E521ABCA7A20 /* [CP] Embed Pods Frameworks */ = {
			isa = PBXShellScriptBuildPhase;
			buildActionMask = 2147483647;
			files = (
			);
			inputPaths = (
				"${SRCROOT}/Pods/Target Support Files/Pods-Movieheads/Pods-Movieheads-frameworks.sh",
				"${BUILT_PRODUCTS_DIR}/SwiftyJSON/SwiftyJSON.framework",
				"${BUILT_PRODUCTS_DIR}/TMDBSwift/TMDBSwift.framework",
			);
			name = "[CP] Embed Pods Frameworks";
			outputPaths = (
				"${TARGET_BUILD_DIR}/${FRAMEWORKS_FOLDER_PATH}/SwiftyJSON.framework",
				"${TARGET_BUILD_DIR}/${FRAMEWORKS_FOLDER_PATH}/TMDBSwift.framework",
			);
			runOnlyForDeploymentPostprocessing = 0;
			shellPath = /bin/sh;
			shellScript = "\"${SRCROOT}/Pods/Target Support Files/Pods-Movieheads/Pods-Movieheads-frameworks.sh\"\n";
			showEnvVarsInLog = 0;
		};
		62C0CAB6C0C31AF4E0429347 /* [CP] Check Pods Manifest.lock */ = {
			isa = PBXShellScriptBuildPhase;
			buildActionMask = 2147483647;
			files = (
			);
			inputPaths = (
				"${PODS_PODFILE_DIR_PATH}/Podfile.lock",
				"${PODS_ROOT}/Manifest.lock",
			);
			name = "[CP] Check Pods Manifest.lock";
			outputPaths = (
				"$(DERIVED_FILE_DIR)/Pods-Movieheads-checkManifestLockResult.txt",
			);
			runOnlyForDeploymentPostprocessing = 0;
			shellPath = /bin/sh;
			shellScript = "diff \"${PODS_PODFILE_DIR_PATH}/Podfile.lock\" \"${PODS_ROOT}/Manifest.lock\" > /dev/null\nif [ $? != 0 ] ; then\n    # print error to STDERR\n    echo \"error: The sandbox is not in sync with the Podfile.lock. Run 'pod install' or update your CocoaPods installation.\" >&2\n    exit 1\nfi\n# This output is used by Xcode 'outputs' to avoid re-running this script phase.\necho \"SUCCESS\" > \"${SCRIPT_OUTPUT_FILE_0}\"\n";
			showEnvVarsInLog = 0;
		};
		8E6126AB1D1B72F60AFF9342 /* [CP] Copy Pods Resources */ = {
			isa = PBXShellScriptBuildPhase;
			buildActionMask = 2147483647;
			files = (
			);
			inputPaths = (
			);
			name = "[CP] Copy Pods Resources";
			outputPaths = (
			);
			runOnlyForDeploymentPostprocessing = 0;
			shellPath = /bin/sh;
			shellScript = "\"${SRCROOT}/Pods/Target Support Files/Pods-Movieheads/Pods-Movieheads-resources.sh\"\n";
			showEnvVarsInLog = 0;
		};
		B47C6147F8AF3F70A2120946 /* [CP] Check Pods Manifest.lock */ = {
			isa = PBXShellScriptBuildPhase;
			buildActionMask = 2147483647;
			files = (
			);
			inputPaths = (
				"${PODS_PODFILE_DIR_PATH}/Podfile.lock",
				"${PODS_ROOT}/Manifest.lock",
			);
			name = "[CP] Check Pods Manifest.lock";
			outputPaths = (
				"$(DERIVED_FILE_DIR)/Pods-MovieheadsTests-checkManifestLockResult.txt",
			);
			runOnlyForDeploymentPostprocessing = 0;
			shellPath = /bin/sh;
			shellScript = "diff \"${PODS_PODFILE_DIR_PATH}/Podfile.lock\" \"${PODS_ROOT}/Manifest.lock\" > /dev/null\nif [ $? != 0 ] ; then\n    # print error to STDERR\n    echo \"error: The sandbox is not in sync with the Podfile.lock. Run 'pod install' or update your CocoaPods installation.\" >&2\n    exit 1\nfi\n# This output is used by Xcode 'outputs' to avoid re-running this script phase.\necho \"SUCCESS\" > \"${SCRIPT_OUTPUT_FILE_0}\"\n";
			showEnvVarsInLog = 0;
		};
		BBFB4B0190FA62DA6C11F506 /* [CP] Check Pods Manifest.lock */ = {
			isa = PBXShellScriptBuildPhase;
			buildActionMask = 2147483647;
			files = (
			);
			inputPaths = (
				"${PODS_PODFILE_DIR_PATH}/Podfile.lock",
				"${PODS_ROOT}/Manifest.lock",
			);
			name = "[CP] Check Pods Manifest.lock";
			outputPaths = (
				"$(DERIVED_FILE_DIR)/Pods-MovieheadsUITests-checkManifestLockResult.txt",
			);
			runOnlyForDeploymentPostprocessing = 0;
			shellPath = /bin/sh;
			shellScript = "diff \"${PODS_PODFILE_DIR_PATH}/Podfile.lock\" \"${PODS_ROOT}/Manifest.lock\" > /dev/null\nif [ $? != 0 ] ; then\n    # print error to STDERR\n    echo \"error: The sandbox is not in sync with the Podfile.lock. Run 'pod install' or update your CocoaPods installation.\" >&2\n    exit 1\nfi\n# This output is used by Xcode 'outputs' to avoid re-running this script phase.\necho \"SUCCESS\" > \"${SCRIPT_OUTPUT_FILE_0}\"\n";
			showEnvVarsInLog = 0;
		};
		BDEE7DFE1552DA037DE01B18 /* [CP] Embed Pods Frameworks */ = {
			isa = PBXShellScriptBuildPhase;
			buildActionMask = 2147483647;
			files = (
			);
			inputPaths = (
			);
			name = "[CP] Embed Pods Frameworks";
			outputPaths = (
			);
			runOnlyForDeploymentPostprocessing = 0;
			shellPath = /bin/sh;
			shellScript = "\"${SRCROOT}/Pods/Target Support Files/Pods-MovieheadsUITests/Pods-MovieheadsUITests-frameworks.sh\"\n";
			showEnvVarsInLog = 0;
		};
		C703129BCE146C6D40C4B29A /* [CP] Copy Pods Resources */ = {
			isa = PBXShellScriptBuildPhase;
			buildActionMask = 2147483647;
			files = (
			);
			inputPaths = (
			);
			name = "[CP] Copy Pods Resources";
			outputPaths = (
			);
			runOnlyForDeploymentPostprocessing = 0;
			shellPath = /bin/sh;
			shellScript = "\"${SRCROOT}/Pods/Target Support Files/Pods-MovieheadsUITests/Pods-MovieheadsUITests-resources.sh\"\n";
			showEnvVarsInLog = 0;
		};
		F0C712589EF57B665B2C489D /* [CP] Embed Pods Frameworks */ = {
			isa = PBXShellScriptBuildPhase;
			buildActionMask = 2147483647;
			files = (
			);
			inputPaths = (
			);
			name = "[CP] Embed Pods Frameworks";
			outputPaths = (
			);
			runOnlyForDeploymentPostprocessing = 0;
			shellPath = /bin/sh;
			shellScript = "\"${SRCROOT}/Pods/Target Support Files/Pods-MovieheadsTests/Pods-MovieheadsTests-frameworks.sh\"\n";
			showEnvVarsInLog = 0;
		};
/* End PBXShellScriptBuildPhase section */

/* Begin PBXSourcesBuildPhase section */
		1EA31EA42034A5CD0092E4B8 /* Sources */ = {
			isa = PBXSourcesBuildPhase;
			buildActionMask = 2147483647;
			files = (
				1E987912203F10DF00947638 /* Movie.swift in Sources */,
				1E98790A203CAF1400947638 /* LandingScreenController.swift in Sources */,
				1E987905203CAA7400947638 /* MovieController.swift in Sources */,
				1EBBA9F0204980EF0014AFAA /* APIKeys.swift in Sources */,
				D0936F7F204717DE00813A20 /* SearchDataSource.swift in Sources */,
				1E9F845D203F3629007CF0DD /* MovieDataSource.swift in Sources */,
				1EA31EAE2034A5CD0092E4B8 /* LoadScreenController.swift in Sources */,
				1E987910203CB04700947638 /* SearchController.swift in Sources */,
				1EA31EAC2034A5CD0092E4B8 /* AppDelegate.swift in Sources */,
			);
			runOnlyForDeploymentPostprocessing = 0;
		};
		1EA31EB82034A5CE0092E4B8 /* Sources */ = {
			isa = PBXSourcesBuildPhase;
			buildActionMask = 2147483647;
			files = (
				1EA31EC12034A5CE0092E4B8 /* MovieheadsTests.swift in Sources */,
			);
			runOnlyForDeploymentPostprocessing = 0;
		};
		1EA31EC32034A5CE0092E4B8 /* Sources */ = {
			isa = PBXSourcesBuildPhase;
			buildActionMask = 2147483647;
			files = (
				1EA31ECC2034A5CE0092E4B8 /* MovieheadsUITests.swift in Sources */,
			);
			runOnlyForDeploymentPostprocessing = 0;
		};
/* End PBXSourcesBuildPhase section */

/* Begin PBXTargetDependency section */
		1EA31EBE2034A5CE0092E4B8 /* PBXTargetDependency */ = {
			isa = PBXTargetDependency;
			target = 1EA31EA72034A5CD0092E4B8 /* Movieheads */;
			targetProxy = 1EA31EBD2034A5CE0092E4B8 /* PBXContainerItemProxy */;
		};
		1EA31EC92034A5CE0092E4B8 /* PBXTargetDependency */ = {
			isa = PBXTargetDependency;
			target = 1EA31EA72034A5CD0092E4B8 /* Movieheads */;
			targetProxy = 1EA31EC82034A5CE0092E4B8 /* PBXContainerItemProxy */;
		};
/* End PBXTargetDependency section */

/* Begin PBXVariantGroup section */
		1EA31EAF2034A5CD0092E4B8 /* Main.storyboard */ = {
			isa = PBXVariantGroup;
			children = (
				1EA31EB02034A5CD0092E4B8 /* Base */,
			);
			name = Main.storyboard;
			sourceTree = "<group>";
		};
		1EA31EB42034A5CD0092E4B8 /* LaunchScreen.storyboard */ = {
			isa = PBXVariantGroup;
			children = (
				1EA31EB52034A5CD0092E4B8 /* Base */,
			);
			name = LaunchScreen.storyboard;
			sourceTree = "<group>";
		};
/* End PBXVariantGroup section */

/* Begin XCBuildConfiguration section */
		1EA31ECE2034A5CE0092E4B8 /* Debug */ = {
			isa = XCBuildConfiguration;
			buildSettings = {
				ALWAYS_SEARCH_USER_PATHS = NO;
				CLANG_ANALYZER_NONNULL = YES;
				CLANG_ANALYZER_NUMBER_OBJECT_CONVERSION = YES_AGGRESSIVE;
				CLANG_CXX_LANGUAGE_STANDARD = "gnu++14";
				CLANG_CXX_LIBRARY = "libc++";
				CLANG_ENABLE_MODULES = YES;
				CLANG_ENABLE_OBJC_ARC = YES;
				CLANG_WARN_BLOCK_CAPTURE_AUTORELEASING = YES;
				CLANG_WARN_BOOL_CONVERSION = YES;
				CLANG_WARN_COMMA = YES;
				CLANG_WARN_CONSTANT_CONVERSION = YES;
				CLANG_WARN_DIRECT_OBJC_ISA_USAGE = YES_ERROR;
				CLANG_WARN_DOCUMENTATION_COMMENTS = YES;
				CLANG_WARN_EMPTY_BODY = YES;
				CLANG_WARN_ENUM_CONVERSION = YES;
				CLANG_WARN_INFINITE_RECURSION = YES;
				CLANG_WARN_INT_CONVERSION = YES;
				CLANG_WARN_NON_LITERAL_NULL_CONVERSION = YES;
				CLANG_WARN_OBJC_LITERAL_CONVERSION = YES;
				CLANG_WARN_OBJC_ROOT_CLASS = YES_ERROR;
				CLANG_WARN_RANGE_LOOP_ANALYSIS = YES;
				CLANG_WARN_STRICT_PROTOTYPES = YES;
				CLANG_WARN_SUSPICIOUS_MOVE = YES;
				CLANG_WARN_UNGUARDED_AVAILABILITY = YES_AGGRESSIVE;
				CLANG_WARN_UNREACHABLE_CODE = YES;
				CLANG_WARN__DUPLICATE_METHOD_MATCH = YES;
				CODE_SIGN_IDENTITY = "iPhone Developer";
				COPY_PHASE_STRIP = NO;
				DEBUG_INFORMATION_FORMAT = dwarf;
				ENABLE_STRICT_OBJC_MSGSEND = YES;
				ENABLE_TESTABILITY = YES;
				GCC_C_LANGUAGE_STANDARD = gnu11;
				GCC_DYNAMIC_NO_PIC = NO;
				GCC_NO_COMMON_BLOCKS = YES;
				GCC_OPTIMIZATION_LEVEL = 0;
				GCC_PREPROCESSOR_DEFINITIONS = (
					"DEBUG=1",
					"$(inherited)",
				);
				GCC_WARN_64_TO_32_BIT_CONVERSION = YES;
				GCC_WARN_ABOUT_RETURN_TYPE = YES_ERROR;
				GCC_WARN_UNDECLARED_SELECTOR = YES;
				GCC_WARN_UNINITIALIZED_AUTOS = YES_AGGRESSIVE;
				GCC_WARN_UNUSED_FUNCTION = YES;
				GCC_WARN_UNUSED_VARIABLE = YES;
				IPHONEOS_DEPLOYMENT_TARGET = 11.2;
				MTL_ENABLE_DEBUG_INFO = YES;
				ONLY_ACTIVE_ARCH = YES;
				SDKROOT = iphoneos;
				SWIFT_ACTIVE_COMPILATION_CONDITIONS = DEBUG;
				SWIFT_OPTIMIZATION_LEVEL = "-Onone";
			};
			name = Debug;
		};
		1EA31ECF2034A5CE0092E4B8 /* Release */ = {
			isa = XCBuildConfiguration;
			buildSettings = {
				ALWAYS_SEARCH_USER_PATHS = NO;
				CLANG_ANALYZER_NONNULL = YES;
				CLANG_ANALYZER_NUMBER_OBJECT_CONVERSION = YES_AGGRESSIVE;
				CLANG_CXX_LANGUAGE_STANDARD = "gnu++14";
				CLANG_CXX_LIBRARY = "libc++";
				CLANG_ENABLE_MODULES = YES;
				CLANG_ENABLE_OBJC_ARC = YES;
				CLANG_WARN_BLOCK_CAPTURE_AUTORELEASING = YES;
				CLANG_WARN_BOOL_CONVERSION = YES;
				CLANG_WARN_COMMA = YES;
				CLANG_WARN_CONSTANT_CONVERSION = YES;
				CLANG_WARN_DIRECT_OBJC_ISA_USAGE = YES_ERROR;
				CLANG_WARN_DOCUMENTATION_COMMENTS = YES;
				CLANG_WARN_EMPTY_BODY = YES;
				CLANG_WARN_ENUM_CONVERSION = YES;
				CLANG_WARN_INFINITE_RECURSION = YES;
				CLANG_WARN_INT_CONVERSION = YES;
				CLANG_WARN_NON_LITERAL_NULL_CONVERSION = YES;
				CLANG_WARN_OBJC_LITERAL_CONVERSION = YES;
				CLANG_WARN_OBJC_ROOT_CLASS = YES_ERROR;
				CLANG_WARN_RANGE_LOOP_ANALYSIS = YES;
				CLANG_WARN_STRICT_PROTOTYPES = YES;
				CLANG_WARN_SUSPICIOUS_MOVE = YES;
				CLANG_WARN_UNGUARDED_AVAILABILITY = YES_AGGRESSIVE;
				CLANG_WARN_UNREACHABLE_CODE = YES;
				CLANG_WARN__DUPLICATE_METHOD_MATCH = YES;
				CODE_SIGN_IDENTITY = "iPhone Developer";
				COPY_PHASE_STRIP = NO;
				DEBUG_INFORMATION_FORMAT = "dwarf-with-dsym";
				ENABLE_NS_ASSERTIONS = NO;
				ENABLE_STRICT_OBJC_MSGSEND = YES;
				GCC_C_LANGUAGE_STANDARD = gnu11;
				GCC_NO_COMMON_BLOCKS = YES;
				GCC_WARN_64_TO_32_BIT_CONVERSION = YES;
				GCC_WARN_ABOUT_RETURN_TYPE = YES_ERROR;
				GCC_WARN_UNDECLARED_SELECTOR = YES;
				GCC_WARN_UNINITIALIZED_AUTOS = YES_AGGRESSIVE;
				GCC_WARN_UNUSED_FUNCTION = YES;
				GCC_WARN_UNUSED_VARIABLE = YES;
				IPHONEOS_DEPLOYMENT_TARGET = 11.2;
				MTL_ENABLE_DEBUG_INFO = NO;
				SDKROOT = iphoneos;
				SWIFT_OPTIMIZATION_LEVEL = "-Owholemodule";
				VALIDATE_PRODUCT = YES;
			};
			name = Release;
		};
		1EA31ED12034A5CE0092E4B8 /* Debug */ = {
			isa = XCBuildConfiguration;
			baseConfigurationReference = 9FA6879C3AC01D63EC5C32D9 /* Pods-Movieheads.debug.xcconfig */;
			buildSettings = {
				ASSETCATALOG_COMPILER_APPICON_NAME = AppIcon;
				CODE_SIGN_STYLE = Automatic;
				INFOPLIST_FILE = Movieheads/Info.plist;
				LD_RUNPATH_SEARCH_PATHS = "$(inherited) @executable_path/Frameworks";
				PRODUCT_BUNDLE_IDENTIFIER = No.Sleep.Movieheads;
				PRODUCT_NAME = "$(TARGET_NAME)";
				SWIFT_VERSION = 4.0;
				TARGETED_DEVICE_FAMILY = "1,2";
			};
			name = Debug;
		};
		1EA31ED22034A5CE0092E4B8 /* Release */ = {
			isa = XCBuildConfiguration;
			baseConfigurationReference = 13781FB0B5CB005210DD6031 /* Pods-Movieheads.release.xcconfig */;
			buildSettings = {
				ASSETCATALOG_COMPILER_APPICON_NAME = AppIcon;
				CODE_SIGN_STYLE = Automatic;
				INFOPLIST_FILE = Movieheads/Info.plist;
				LD_RUNPATH_SEARCH_PATHS = "$(inherited) @executable_path/Frameworks";
				PRODUCT_BUNDLE_IDENTIFIER = No.Sleep.Movieheads;
				PRODUCT_NAME = "$(TARGET_NAME)";
				SWIFT_VERSION = 4.0;
				TARGETED_DEVICE_FAMILY = "1,2";
			};
			name = Release;
		};
		1EA31ED42034A5CE0092E4B8 /* Debug */ = {
			isa = XCBuildConfiguration;
			baseConfigurationReference = 559CE04BF3508D5125D82D9A /* Pods-MovieheadsTests.debug.xcconfig */;
			buildSettings = {
				ALWAYS_EMBED_SWIFT_STANDARD_LIBRARIES = YES;
				BUNDLE_LOADER = "$(TEST_HOST)";
				CODE_SIGN_STYLE = Automatic;
				INFOPLIST_FILE = MovieheadsTests/Info.plist;
				LD_RUNPATH_SEARCH_PATHS = "$(inherited) @executable_path/Frameworks @loader_path/Frameworks";
				PRODUCT_BUNDLE_IDENTIFIER = No.Sleep.MovieheadsTests;
				PRODUCT_NAME = "$(TARGET_NAME)";
				SWIFT_VERSION = 4.0;
				TARGETED_DEVICE_FAMILY = "1,2";
				TEST_HOST = "$(BUILT_PRODUCTS_DIR)/Movieheads.app/Movieheads";
			};
			name = Debug;
		};
		1EA31ED52034A5CE0092E4B8 /* Release */ = {
			isa = XCBuildConfiguration;
			baseConfigurationReference = 6AACBFA2C3E71546F78E21B6 /* Pods-MovieheadsTests.release.xcconfig */;
			buildSettings = {
				ALWAYS_EMBED_SWIFT_STANDARD_LIBRARIES = YES;
				BUNDLE_LOADER = "$(TEST_HOST)";
				CODE_SIGN_STYLE = Automatic;
				INFOPLIST_FILE = MovieheadsTests/Info.plist;
				LD_RUNPATH_SEARCH_PATHS = "$(inherited) @executable_path/Frameworks @loader_path/Frameworks";
				PRODUCT_BUNDLE_IDENTIFIER = No.Sleep.MovieheadsTests;
				PRODUCT_NAME = "$(TARGET_NAME)";
				SWIFT_VERSION = 4.0;
				TARGETED_DEVICE_FAMILY = "1,2";
				TEST_HOST = "$(BUILT_PRODUCTS_DIR)/Movieheads.app/Movieheads";
			};
			name = Release;
		};
		1EA31ED72034A5CE0092E4B8 /* Debug */ = {
			isa = XCBuildConfiguration;
			baseConfigurationReference = 8BA54F98D12FB873B98954DA /* Pods-MovieheadsUITests.debug.xcconfig */;
			buildSettings = {
				ALWAYS_EMBED_SWIFT_STANDARD_LIBRARIES = YES;
				CODE_SIGN_STYLE = Automatic;
				INFOPLIST_FILE = MovieheadsUITests/Info.plist;
				LD_RUNPATH_SEARCH_PATHS = "$(inherited) @executable_path/Frameworks @loader_path/Frameworks";
				PRODUCT_BUNDLE_IDENTIFIER = No.Sleep.MovieheadsUITests;
				PRODUCT_NAME = "$(TARGET_NAME)";
				SWIFT_VERSION = 4.0;
				TARGETED_DEVICE_FAMILY = "1,2";
				TEST_TARGET_NAME = Movieheads;
			};
			name = Debug;
		};
		1EA31ED82034A5CE0092E4B8 /* Release */ = {
			isa = XCBuildConfiguration;
			baseConfigurationReference = 6A9CDA20CAD4D6BF435118AB /* Pods-MovieheadsUITests.release.xcconfig */;
			buildSettings = {
				ALWAYS_EMBED_SWIFT_STANDARD_LIBRARIES = YES;
				CODE_SIGN_STYLE = Automatic;
				INFOPLIST_FILE = MovieheadsUITests/Info.plist;
				LD_RUNPATH_SEARCH_PATHS = "$(inherited) @executable_path/Frameworks @loader_path/Frameworks";
				PRODUCT_BUNDLE_IDENTIFIER = No.Sleep.MovieheadsUITests;
				PRODUCT_NAME = "$(TARGET_NAME)";
				SWIFT_VERSION = 4.0;
				TARGETED_DEVICE_FAMILY = "1,2";
				TEST_TARGET_NAME = Movieheads;
			};
			name = Release;
		};
/* End XCBuildConfiguration section */

/* Begin XCConfigurationList section */
		1EA31EA32034A5CD0092E4B8 /* Build configuration list for PBXProject "Movieheads" */ = {
			isa = XCConfigurationList;
			buildConfigurations = (
				1EA31ECE2034A5CE0092E4B8 /* Debug */,
				1EA31ECF2034A5CE0092E4B8 /* Release */,
			);
			defaultConfigurationIsVisible = 0;
			defaultConfigurationName = Release;
		};
		1EA31ED02034A5CE0092E4B8 /* Build configuration list for PBXNativeTarget "Movieheads" */ = {
			isa = XCConfigurationList;
			buildConfigurations = (
				1EA31ED12034A5CE0092E4B8 /* Debug */,
				1EA31ED22034A5CE0092E4B8 /* Release */,
			);
			defaultConfigurationIsVisible = 0;
			defaultConfigurationName = Release;
		};
		1EA31ED32034A5CE0092E4B8 /* Build configuration list for PBXNativeTarget "MovieheadsTests" */ = {
			isa = XCConfigurationList;
			buildConfigurations = (
				1EA31ED42034A5CE0092E4B8 /* Debug */,
				1EA31ED52034A5CE0092E4B8 /* Release */,
			);
			defaultConfigurationIsVisible = 0;
			defaultConfigurationName = Release;
		};
		1EA31ED62034A5CE0092E4B8 /* Build configuration list for PBXNativeTarget "MovieheadsUITests" */ = {
			isa = XCConfigurationList;
			buildConfigurations = (
				1EA31ED72034A5CE0092E4B8 /* Debug */,
				1EA31ED82034A5CE0092E4B8 /* Release */,
			);
			defaultConfigurationIsVisible = 0;
			defaultConfigurationName = Release;
		};
/* End XCConfigurationList section */
	};
	rootObject = 1EA31EA02034A5CD0092E4B8 /* Project object */;
}
